
Microsoft Visual Studio Solution File, Format Version 11.00
# Visual Studio 2010
Project("{FAE04EC0-301F-11D3-BF4B-00C04F79EFBC}") = "Assembly-CSharp", "Assembly-CSharp.csproj", "{CD8C9303-404B-FB8D-6B9B-21988D5CAC0A}"
EndProject
Project("{FAE04EC0-301F-11D3-BF4B-00C04F79EFBC}") = "ZFBrowser", "ZFBrowser.csproj", "{44B2C7BB-BF27-77E0-1749-96748FC696E1}"
EndProject
Project("{FAE04EC0-301F-11D3-BF4B-00C04F79EFBC}") = "NavMeshComponents", "NavMeshComponents.csproj", "{E6EE6405-174D-63FE-A37B-0B11E9E4CF01}"
EndProject
Project("{FAE04EC0-301F-11D3-BF4B-00C04F79EFBC}") = "Assembly-CSharp-Editor", "Assembly-CSharp-Editor.csproj", "{6311E6C6-0A20-383B-320B-694068DE37A5}"
EndProject
Project("{FAE04EC0-301F-11D3-BF4B-00C04F79EFBC}") = "NavMeshComponentsEditor", "NavMeshComponentsEditor.csproj", "{B95D0154-8E67-13A8-1EEA-223402D879D0}"
EndProject
Project("{FAE04EC0-301F-11D3-BF4B-00C04F79EFBC}") = "ZFBrowser-Editor", "ZFBrowser-Editor.csproj", "{65E946BF-DD31-7052-C3DB-44C8E1EEA613}"
EndProject
Global
	GlobalSection(SolutionConfigurationPlatforms) = preSolution
		Debug|Any CPU = Debug|Any CPU
		Release|Any CPU = Release|Any CPU
	EndGlobalSection
	GlobalSection(ProjectConfigurationPlatforms) = postSolution
		{CD8C9303-404B-FB8D-6B9B-21988D5CAC0A}.Debug|Any CPU.ActiveCfg = Debug|Any CPU
		{CD8C9303-404B-FB8D-6B9B-21988D5CAC0A}.Debug|Any CPU.Build.0 = Debug|Any CPU
		{CD8C9303-404B-FB8D-6B9B-21988D5CAC0A}.Release|Any CPU.ActiveCfg = Release|Any CPU
		{CD8C9303-404B-FB8D-6B9B-21988D5CAC0A}.Release|Any CPU.Build.0 = Release|Any CPU
		{44B2C7BB-BF27-77E0-1749-96748FC696E1}.Debug|Any CPU.ActiveCfg = Debug|Any CPU
		{44B2C7BB-BF27-77E0-1749-96748FC696E1}.Debug|Any CPU.Build.0 = Debug|Any CPU
		{44B2C7BB-BF27-77E0-1749-96748FC696E1}.Release|Any CPU.ActiveCfg = Release|Any CPU
		{44B2C7BB-BF27-77E0-1749-96748FC696E1}.Release|Any CPU.Build.0 = Release|Any CPU
		{E6EE6405-174D-63FE-A37B-0B11E9E4CF01}.Debug|Any CPU.ActiveCfg = Debug|Any CPU
		{E6EE6405-174D-63FE-A37B-0B11E9E4CF01}.Debug|Any CPU.Build.0 = Debug|Any CPU
		{E6EE6405-174D-63FE-A37B-0B11E9E4CF01}.Release|Any CPU.ActiveCfg = Release|Any CPU
		{E6EE6405-174D-63FE-A37B-0B11E9E4CF01}.Release|Any CPU.Build.0 = Release|Any CPU
		{6311E6C6-0A20-383B-320B-694068DE37A5}.Debug|Any CPU.ActiveCfg = Debug|Any CPU
		{6311E6C6-0A20-383B-320B-694068DE37A5}.Debug|Any CPU.Build.0 = Debug|Any CPU
		{6311E6C6-0A20-383B-320B-694068DE37A5}.Release|Any CPU.ActiveCfg = Release|Any CPU
		{6311E6C6-0A20-383B-320B-694068DE37A5}.Release|Any CPU.Build.0 = Release|Any CPU
		{B95D0154-8E67-13A8-1EEA-223402D879D0}.Debug|Any CPU.ActiveCfg = Debug|Any CPU
		{B95D0154-8E67-13A8-1EEA-223402D879D0}.Debug|Any CPU.Build.0 = Debug|Any CPU
		{B95D0154-8E67-13A8-1EEA-223402D879D0}.Release|Any CPU.ActiveCfg = Release|Any CPU
		{B95D0154-8E67-13A8-1EEA-223402D879D0}.Release|Any CPU.Build.0 = Release|Any CPU
		{65E946BF-DD31-7052-C3DB-44C8E1EEA613}.Debug|Any CPU.ActiveCfg = Debug|Any CPU
		{65E946BF-DD31-7052-C3DB-44C8E1EEA613}.Debug|Any CPU.Build.0 = Debug|Any CPU
		{65E946BF-DD31-7052-C3DB-44C8E1EEA613}.Release|Any CPU.ActiveCfg = Release|Any CPU
		{65E946BF-DD31-7052-C3DB-44C8E1EEA613}.Release|Any CPU.Build.0 = Release|Any CPU
	EndGlobalSection
	GlobalSection(SolutionProperties) = preSolution
		HideSolutionNode = FALSE
	EndGlobalSection
EndGlobal
